
Microsoft Visual Studio Solution File, Format Version 12.00
# Visual Studio Version 16
VisualStudioVersion = 16.0.31313.79
MinimumVisualStudioVersion = 10.0.40219.1
Project("{FAE04EC0-301F-11D3-BF4B-00C04F79EFBC}") = "Calculator", "Lab3(Delegate)\Calculator.csproj", "{822CD81F-963E-4E86-8BF1-074D9CBFE909}"
EndProject
Global
	GlobalSection(SolutionConfigurationPlatforms) = preSolution
		Debug|Any CPU = Debug|Any CPU
		Release|Any CPU = Release|Any CPU
	EndGlobalSection
	GlobalSection(ProjectConfigurationPlatforms) = postSolution
		{822CD81F-963E-4E86-8BF1-074D9CBFE909}.Debug|Any CPU.ActiveCfg = Debug|Any CPU
		{822CD81F-963E-4E86-8BF1-074D9CBFE909}.Debug|Any CPU.Build.0 = Debug|Any CPU
		{822CD81F-963E-4E86-8BF1-074D9CBFE909}.Release|Any CPU.ActiveCfg = Release|Any CPU
		{822CD81F-963E-4E86-8BF1-074D9CBFE909}.Release|Any CPU.Build.0 = Release|Any CPU
	EndGlobalSection
	GlobalSection(SolutionProperties) = preSolution
		HideSolutionNode = FALSE
	EndGlobalSection
	GlobalSection(ExtensibilityGlobals) = postSolution
		SolutionGuid = {1680B921-52DF-48DF-BBD0-11B5BA800E32}
	EndGlobalSection
EndGlobal
